# Run ./gradlew --write-locks to regenerate this file
com.fasterxml.jackson.core:jackson-annotations:2.11.3 (3 constraints: 053281b8)
com.fasterxml.jackson.core:jackson-core:2.11.3 (2 constraints: 532a663f)
com.fasterxml.jackson.core:jackson-databind:2.11.3 (6 constraints: 525be34a)
com.fasterxml.jackson.dataformat:jackson-dataformat-yaml:2.11.3 (1 constraints: 3905353b)
com.github.docker-java:docker-java-api:3.2.5 (1 constraints: 5e1004b4)
com.github.docker-java:docker-java-core:3.2.5 (1 constraints: 0c050536)
com.github.docker-java:docker-java-transport:3.2.5 (2 constraints: a027e108)
com.github.docker-java:docker-java-transport-httpclient5:3.2.5 (1 constraints: 0c050536)
com.google.code.findbugs:jsr305:3.0.2 (2 constraints: ae19c301)
com.google.errorprone:error_prone_annotations:2.4.0 (3 constraints: 0b2b05c1)
com.google.guava:failureaccess:1.0.1 (1 constraints: 140ae1b4)
com.google.guava:guava:29.0-jre (2 constraints: 7c169213)
com.google.guava:listenablefuture:9999.0-empty-to-avoid-conflict-with-guava (1 constraints: bd17c918)
com.google.j2objc:j2objc-annotations:1.3 (1 constraints: b809eda0)
com.palantir.conjure.java:conjure-lib:5.29.2 (1 constraints: 4405623b)
com.palantir.conjure.java.api:errors:2.16.2 (1 constraints: 23109ea9)
com.palantir.ri:resource-identifier:1.1.0 (1 constraints: ea0f6899)
com.palantir.safe-logging:preconditions:1.13.1 (3 constraints: e62d8786)
com.palantir.safe-logging:safe-logging:1.13.1 (2 constraints: f720d36c)
com.palantir.tokens:auth-tokens:3.6.2 (1 constraints: f30f8399)
commons-codec:commons-codec:1.13 (1 constraints: 0b13c128)
commons-io:commons-io:2.6 (1 constraints: fe0f7e93)
commons-lang:commons-lang:2.6 (1 constraints: fe0f7e93)
jakarta.annotation:jakarta.annotation-api:1.3.5 (1 constraints: f10f7399)
jakarta.ws.rs:jakarta.ws.rs-api:2.1.6 (1 constraints: f10f7399)
net.java.dev.jna:jna:5.5.0 (1 constraints: 4317032d)
org.apache.commons:commons-compress:1.20 (1 constraints: 2910a0a3)
org.apache.commons:commons-exec:1.3 (1 constraints: a8041d2c)
org.apache.httpcomponents.client5:httpclient5:5.0 (1 constraints: e01699fe)
org.apache.httpcomponents.core5:httpcore5:5.0 (1 constraints: db12c115)
org.bouncycastle:bcpkix-jdk15on:1.64 (1 constraints: 3110aca3)
org.bouncycastle:bcprov-jdk15on:1.64 (1 constraints: 5b0d0729)
org.checkerframework:checker-qual:2.11.1 (1 constraints: 470a33bf)
org.immutables:value:2.8.8 (1 constraints: 14051536)
org.slf4j:slf4j-api:1.7.30 (4 constraints: 2942ff66)
org.yaml:snakeyaml:1.26 (1 constraints: 7117f927)

[Test dependencies]
junit:junit:4.12 (1 constraints: db04ff30)
net.bytebuddy:byte-buddy:1.7.9 (1 constraints: 1b0b0fd3)
net.bytebuddy:byte-buddy-agent:1.7.9 (1 constraints: 1b0b0fd3)
org.assertj:assertj-core:3.8.0 (1 constraints: 0d051236)
org.hamcrest:hamcrest-core:1.3 (1 constraints: cc05fe3f)
org.mockito:mockito-core:2.15.0 (1 constraints: 3a053e3b)
org.objenesis:objenesis:2.6 (1 constraints: b40a14bd)
